
Microsoft Visual Studio Solution File, Format Version 12.00
# Visual Studio Version 16
VisualStudioVersion = 16.0.30621.155
MinimumVisualStudioVersion = 10.0.40219.1
Project("{9A19103F-16F7-4668-BE54-9A1E7A4F7556}") = "Database_IndividualAssignment02", "Database_IndividualAssignment02\Database_IndividualAssignment02.csproj", "{4D64E7F1-123A-44EF-A40E-B4F7F68BAFDE}"
EndProject
Global
	GlobalSection(SolutionConfigurationPlatforms) = preSolution
		Debug|Any CPU = Debug|Any CPU
		Release|Any CPU = Release|Any CPU
	EndGlobalSection
	GlobalSection(ProjectConfigurationPlatforms) = postSolution
		{4D64E7F1-123A-44EF-A40E-B4F7F68BAFDE}.Debug|Any CPU.ActiveCfg = Debug|Any CPU
		{4D64E7F1-123A-44EF-A40E-B4F7F68BAFDE}.Debug|Any CPU.Build.0 = Debug|Any CPU
		{4D64E7F1-123A-44EF-A40E-B4F7F68BAFDE}.Release|Any CPU.ActiveCfg = Release|Any CPU
		{4D64E7F1-123A-44EF-A40E-B4F7F68BAFDE}.Release|Any CPU.Build.0 = Release|Any CPU
	EndGlobalSection
	GlobalSection(SolutionProperties) = preSolution
		HideSolutionNode = FALSE
	EndGlobalSection
	GlobalSection(ExtensibilityGlobals) = postSolution
		SolutionGuid = {5E0934AD-DE6E-4E5D-8534-22296BC8B3F8}
	EndGlobalSection
EndGlobal
